
Microsoft Visual Studio Solution File, Format Version 12.00
# Visual Studio Version 16
VisualStudioVersion = 16.0.31624.102
MinimumVisualStudioVersion = 10.0.40219.1
Project("{9A19103F-16F7-4668-BE54-9A1E7A4F7556}") = "CalculateArea", "CalculateArea.csproj", "{22C9EC8C-5788-4F1A-B075-9253312CBC29}"
EndProject
Project("{FAE04EC0-301F-11D3-BF4B-00C04F79EFBC}") = "TestArea", "..\TestArea\TestArea.csproj", "{4A70AAC4-A5BA-44F1-B5AA-AAA58A285DEC}"
EndProject
Global
	GlobalSection(SolutionConfigurationPlatforms) = preSolution
		Debug|Any CPU = Debug|Any CPU
		Release|Any CPU = Release|Any CPU
	EndGlobalSection
	GlobalSection(ProjectConfigurationPlatforms) = postSolution
		{22C9EC8C-5788-4F1A-B075-9253312CBC29}.Debug|Any CPU.ActiveCfg = Debug|Any CPU
		{22C9EC8C-5788-4F1A-B075-9253312CBC29}.Debug|Any CPU.Build.0 = Debug|Any CPU
		{22C9EC8C-5788-4F1A-B075-9253312CBC29}.Release|Any CPU.ActiveCfg = Release|Any CPU
		{22C9EC8C-5788-4F1A-B075-9253312CBC29}.Release|Any CPU.Build.0 = Release|Any CPU
		{4A70AAC4-A5BA-44F1-B5AA-AAA58A285DEC}.Debug|Any CPU.ActiveCfg = Debug|Any CPU
		{4A70AAC4-A5BA-44F1-B5AA-AAA58A285DEC}.Debug|Any CPU.Build.0 = Debug|Any CPU
		{4A70AAC4-A5BA-44F1-B5AA-AAA58A285DEC}.Release|Any CPU.ActiveCfg = Release|Any CPU
		{4A70AAC4-A5BA-44F1-B5AA-AAA58A285DEC}.Release|Any CPU.Build.0 = Release|Any CPU
	EndGlobalSection
	GlobalSection(SolutionProperties) = preSolution
		HideSolutionNode = FALSE
	EndGlobalSection
	GlobalSection(ExtensibilityGlobals) = postSolution
		SolutionGuid = {73B723AD-4DA4-4D94-B82A-DA9949DD8FF5}
	EndGlobalSection
EndGlobal
